
Microsoft Visual Studio Solution File, Format Version 12.00
# Visual Studio Version 16
VisualStudioVersion = 16.0.29411.108
MinimumVisualStudioVersion = 10.0.40219.1
Project("{FAE04EC0-301F-11D3-BF4B-00C04F79EFBC}") = "AutoAutoruns", "AutoAutoruns\AutoAutoruns.csproj", "{53B151C0-B2F3-4352-AF5E-87F533134D31}"
EndProject
Global
	GlobalSection(SolutionConfigurationPlatforms) = preSolution
		Debug|Any CPU = Debug|Any CPU
		Release|Any CPU = Release|Any CPU
	EndGlobalSection
	GlobalSection(ProjectConfigurationPlatforms) = postSolution
		{53B151C0-B2F3-4352-AF5E-87F533134D31}.Debug|Any CPU.ActiveCfg = Debug|Any CPU
		{53B151C0-B2F3-4352-AF5E-87F533134D31}.Debug|Any CPU.Build.0 = Debug|Any CPU
		{53B151C0-B2F3-4352-AF5E-87F533134D31}.Release|Any CPU.ActiveCfg = Release|Any CPU
		{53B151C0-B2F3-4352-AF5E-87F533134D31}.Release|Any CPU.Build.0 = Release|Any CPU
	EndGlobalSection
	GlobalSection(SolutionProperties) = preSolution
		HideSolutionNode = FALSE
	EndGlobalSection
	GlobalSection(ExtensibilityGlobals) = postSolution
		SolutionGuid = {68A1AFB5-7EBF-4B6D-93C0-8DB1CCE03895}
	EndGlobalSection
EndGlobal
